
Microsoft Visual Studio Solution File, Format Version 12.00
# Visual Studio Version 17
VisualStudioVersion = 17.5.002.0
MinimumVisualStudioVersion = 10.0.40219.1
Project("{9A19103F-16F7-4668-BE54-9A1E7A4F7556}") = "WebAPI", "WebAPI.csproj", "{71F59DD0-9EC2-48A1-AAA0-962F25FA8E11}"
EndProject
Global
	GlobalSection(SolutionConfigurationPlatforms) = preSolution
		Debug|Any CPU = Debug|Any CPU
		Release|Any CPU = Release|Any CPU
	EndGlobalSection
	GlobalSection(ProjectConfigurationPlatforms) = postSolution
		{71F59DD0-9EC2-48A1-AAA0-962F25FA8E11}.Debug|Any CPU.ActiveCfg = Debug|Any CPU
		{71F59DD0-9EC2-48A1-AAA0-962F25FA8E11}.Debug|Any CPU.Build.0 = Debug|Any CPU
		{71F59DD0-9EC2-48A1-AAA0-962F25FA8E11}.Release|Any CPU.ActiveCfg = Release|Any CPU
		{71F59DD0-9EC2-48A1-AAA0-962F25FA8E11}.Release|Any CPU.Build.0 = Release|Any CPU
	EndGlobalSection
	GlobalSection(SolutionProperties) = preSolution
		HideSolutionNode = FALSE
	EndGlobalSection
	GlobalSection(ExtensibilityGlobals) = postSolution
		SolutionGuid = {EB0701E1-091F-4E2F-A478-200E52FC235F}
	EndGlobalSection
EndGlobal
